
Microsoft Visual Studio Solution File, Format Version 12.00
# Visual Studio 15
VisualStudioVersion = 15.0.27703.2042
MinimumVisualStudioVersion = 10.0.40219.1
Project("{FAE04EC0-301F-11D3-BF4B-00C04F79EFBC}") = "KungFuConsole", "KungFuConsole\KungFuConsole.csproj", "{3CBF117E-B295-4296-8F17-0E0AB062F539}"
EndProject
Global
	GlobalSection(SolutionConfigurationPlatforms) = preSolution
		Debug|Any CPU = Debug|Any CPU
		Release|Any CPU = Release|Any CPU
	EndGlobalSection
	GlobalSection(ProjectConfigurationPlatforms) = postSolution
		{3CBF117E-B295-4296-8F17-0E0AB062F539}.Debug|Any CPU.ActiveCfg = Debug|Any CPU
		{3CBF117E-B295-4296-8F17-0E0AB062F539}.Debug|Any CPU.Build.0 = Debug|Any CPU
		{3CBF117E-B295-4296-8F17-0E0AB062F539}.Release|Any CPU.ActiveCfg = Release|Any CPU
		{3CBF117E-B295-4296-8F17-0E0AB062F539}.Release|Any CPU.Build.0 = Release|Any CPU
	EndGlobalSection
	GlobalSection(SolutionProperties) = preSolution
		HideSolutionNode = FALSE
	EndGlobalSection
	GlobalSection(ExtensibilityGlobals) = postSolution
		SolutionGuid = {8D9852B0-BA39-49CD-A6D1-1F766D826FA0}
	EndGlobalSection
EndGlobal
